
Microsoft Visual Studio Solution File, Format Version 12.00
# Visual Studio Version 16
VisualStudioVersion = 16.0.30523.141
MinimumVisualStudioVersion = 10.0.40219.1
Project("{9A19103F-16F7-4668-BE54-9A1E7A4F7556}") = "Neag_Cristina_Lab2_EB", "Neag_Cristina_Lab2_EB.csproj", "{65A7C71A-D97C-4F0F-90BD-8845C3A56DEB}"
EndProject
Project("{9A19103F-16F7-4668-BE54-9A1E7A4F7556}") = "LibraryModel", "..\LibraryModel\LibraryModel.csproj", "{DC7937D2-5462-40A3-9593-FE957518A39F}"
EndProject
Project("{9A19103F-16F7-4668-BE54-9A1E7A4F7556}") = "LibraryWebAPI", "..\LibraryWebAPI\LibraryWebAPI.csproj", "{3589CB50-E155-459F-8B09-2CDE7A32A34C}"
EndProject
Project("{FAE04EC0-301F-11D3-BF4B-00C04F79EFBC}") = "GrpcCustomersService", "..\GrpcCustomersService\GrpcCustomersService.csproj", "{6AC668A6-82BC-47D6-B541-9CF15E445682}"
EndProject
Global
	GlobalSection(SolutionConfigurationPlatforms) = preSolution
		Debug|Any CPU = Debug|Any CPU
		Release|Any CPU = Release|Any CPU
	EndGlobalSection
	GlobalSection(ProjectConfigurationPlatforms) = postSolution
		{65A7C71A-D97C-4F0F-90BD-8845C3A56DEB}.Debug|Any CPU.ActiveCfg = Debug|Any CPU
		{65A7C71A-D97C-4F0F-90BD-8845C3A56DEB}.Debug|Any CPU.Build.0 = Debug|Any CPU
		{65A7C71A-D97C-4F0F-90BD-8845C3A56DEB}.Release|Any CPU.ActiveCfg = Release|Any CPU
		{65A7C71A-D97C-4F0F-90BD-8845C3A56DEB}.Release|Any CPU.Build.0 = Release|Any CPU
		{DC7937D2-5462-40A3-9593-FE957518A39F}.Debug|Any CPU.ActiveCfg = Debug|Any CPU
		{DC7937D2-5462-40A3-9593-FE957518A39F}.Debug|Any CPU.Build.0 = Debug|Any CPU
		{DC7937D2-5462-40A3-9593-FE957518A39F}.Release|Any CPU.ActiveCfg = Release|Any CPU
		{DC7937D2-5462-40A3-9593-FE957518A39F}.Release|Any CPU.Build.0 = Release|Any CPU
		{3589CB50-E155-459F-8B09-2CDE7A32A34C}.Debug|Any CPU.ActiveCfg = Debug|Any CPU
		{3589CB50-E155-459F-8B09-2CDE7A32A34C}.Debug|Any CPU.Build.0 = Debug|Any CPU
		{3589CB50-E155-459F-8B09-2CDE7A32A34C}.Release|Any CPU.ActiveCfg = Release|Any CPU
		{3589CB50-E155-459F-8B09-2CDE7A32A34C}.Release|Any CPU.Build.0 = Release|Any CPU
		{6AC668A6-82BC-47D6-B541-9CF15E445682}.Debug|Any CPU.ActiveCfg = Debug|Any CPU
		{6AC668A6-82BC-47D6-B541-9CF15E445682}.Debug|Any CPU.Build.0 = Debug|Any CPU
		{6AC668A6-82BC-47D6-B541-9CF15E445682}.Release|Any CPU.ActiveCfg = Release|Any CPU
		{6AC668A6-82BC-47D6-B541-9CF15E445682}.Release|Any CPU.Build.0 = Release|Any CPU
	EndGlobalSection
	GlobalSection(SolutionProperties) = preSolution
		HideSolutionNode = FALSE
	EndGlobalSection
	GlobalSection(ExtensibilityGlobals) = postSolution
		SolutionGuid = {BCAAD857-B892-42E1-88D6-8565B1A4F401}
	EndGlobalSection
EndGlobal
